
Microsoft Visual Studio Solution File, Format Version 12.00
# Visual Studio 15
VisualStudioVersion = 15.0.28307.271
MinimumVisualStudioVersion = 10.0.40219.1
Project("{FAE04EC0-301F-11D3-BF4B-00C04F79EFBC}") = "AntiCaptcha.NetCore", "AntiCaptcha.NetCore.csproj", "{4BAB7BC0-4343-4DFA-B776-F0A1C14889C0}"
EndProject
Global
	GlobalSection(SolutionConfigurationPlatforms) = preSolution
		Debug|Any CPU = Debug|Any CPU
		Release|Any CPU = Release|Any CPU
	EndGlobalSection
	GlobalSection(ProjectConfigurationPlatforms) = postSolution
		{4BAB7BC0-4343-4DFA-B776-F0A1C14889C0}.Debug|Any CPU.ActiveCfg = Debug|Any CPU
		{4BAB7BC0-4343-4DFA-B776-F0A1C14889C0}.Debug|Any CPU.Build.0 = Debug|Any CPU
		{4BAB7BC0-4343-4DFA-B776-F0A1C14889C0}.Release|Any CPU.ActiveCfg = Release|Any CPU
		{4BAB7BC0-4343-4DFA-B776-F0A1C14889C0}.Release|Any CPU.Build.0 = Release|Any CPU
	EndGlobalSection
	GlobalSection(SolutionProperties) = preSolution
		HideSolutionNode = FALSE
	EndGlobalSection
	GlobalSection(ExtensibilityGlobals) = postSolution
		SolutionGuid = {C55185F1-48EE-40A5-9B76-5BD66DDF9763}
	EndGlobalSection
EndGlobal
